
Microsoft Visual Studio Solution File, Format Version 12.00
# Visual Studio Version 17
VisualStudioVersion = 17.6.33712.159
MinimumVisualStudioVersion = 10.0.40219.1
Project("{FAE04EC0-301F-11D3-BF4B-00C04F79EFBC}") = "RegularExpressionValidationProject", "RegularExpressionValidationProject\RegularExpressionValidationProject.csproj", "{FE2E20A8-B9B4-46B3-8C62-81945C44ACAF}"
EndProject
Project("{FAE04EC0-301F-11D3-BF4B-00C04F79EFBC}") = "UnitTestProject", "UnitTestProject\UnitTestProject.csproj", "{71371528-5498-4BC1-B27D-F4F1178253C2}"
EndProject
Global
	GlobalSection(SolutionConfigurationPlatforms) = preSolution
		Debug|Any CPU = Debug|Any CPU
		Release|Any CPU = Release|Any CPU
	EndGlobalSection
	GlobalSection(ProjectConfigurationPlatforms) = postSolution
		{FE2E20A8-B9B4-46B3-8C62-81945C44ACAF}.Debug|Any CPU.ActiveCfg = Debug|Any CPU
		{FE2E20A8-B9B4-46B3-8C62-81945C44ACAF}.Debug|Any CPU.Build.0 = Debug|Any CPU
		{FE2E20A8-B9B4-46B3-8C62-81945C44ACAF}.Release|Any CPU.ActiveCfg = Release|Any CPU
		{FE2E20A8-B9B4-46B3-8C62-81945C44ACAF}.Release|Any CPU.Build.0 = Release|Any CPU
		{71371528-5498-4BC1-B27D-F4F1178253C2}.Debug|Any CPU.ActiveCfg = Debug|Any CPU
		{71371528-5498-4BC1-B27D-F4F1178253C2}.Debug|Any CPU.Build.0 = Debug|Any CPU
		{71371528-5498-4BC1-B27D-F4F1178253C2}.Release|Any CPU.ActiveCfg = Release|Any CPU
		{71371528-5498-4BC1-B27D-F4F1178253C2}.Release|Any CPU.Build.0 = Release|Any CPU
	EndGlobalSection
	GlobalSection(SolutionProperties) = preSolution
		HideSolutionNode = FALSE
	EndGlobalSection
	GlobalSection(ExtensibilityGlobals) = postSolution
		SolutionGuid = {2D28A300-8276-4B60-AA35-FF74DA420AB1}
	EndGlobalSection
EndGlobal
